// !$*UTF8*$!
{
	archiveVersion = 1;
	classes = {
	};
	objectVersion = 51;
	objects = {

/* Begin PBXBuildFile section */
		ACC2BC9CD73A19FA92F8D52D /* Pods_TodoList.framework in Frameworks */ = {isa = PBXBuildFile; fileRef = F01DA19D819048CC8B48ECFA /* Pods_TodoList.framework */; };
		ED76BEB626DC9B71007DD57B /* Item.swift in Sources */ = {isa = PBXBuildFile; fileRef = ED76BEB526DC9B71007DD57B /* Item.swift */; };
		ED76BEB826DC9B7C007DD57B /* Category.swift in Sources */ = {isa = PBXBuildFile; fileRef = ED76BEB726DC9B7C007DD57B /* Category.swift */; };
		ED95135526DD11A9003056F4 /* SwipeTableViewController.swift in Sources */ = {isa = PBXBuildFile; fileRef = ED95135426DD11A9003056F4 /* SwipeTableViewController.swift */; };
		EDA283DA26DC8C0600E5A1BB /* AppDelegate.swift in Sources */ = {isa = PBXBuildFile; fileRef = EDA283D926DC8C0500E5A1BB /* AppDelegate.swift */; };
		EDA283DC26DC8C0600E5A1BB /* SceneDelegate.swift in Sources */ = {isa = PBXBuildFile; fileRef = EDA283DB26DC8C0600E5A1BB /* SceneDelegate.swift */; };
		EDA283E126DC8C0600E5A1BB /* Main.storyboard in Resources */ = {isa = PBXBuildFile; fileRef = EDA283DF26DC8C0600E5A1BB /* Main.storyboard */; };
		EDA283E326DC8C0C00E5A1BB /* Assets.xcassets in Resources */ = {isa = PBXBuildFile; fileRef = EDA283E226DC8C0C00E5A1BB /* Assets.xcassets */; };
		EDA283E626DC8C0C00E5A1BB /* LaunchScreen.storyboard in Resources */ = {isa = PBXBuildFile; fileRef = EDA283E426DC8C0C00E5A1BB /* LaunchScreen.storyboard */; };
		EDA283F126DC8C7800E5A1BB /* CategoryViewController.swift in Sources */ = {isa = PBXBuildFile; fileRef = EDA283F026DC8C7800E5A1BB /* CategoryViewController.swift */; };
		EDA283F326DC8CA300E5A1BB /* TodoListViewController.swift in Sources */ = {isa = PBXBuildFile; fileRef = EDA283F226DC8CA300E5A1BB /* TodoListViewController.swift */; };
/* End PBXBuildFile section */

/* Begin PBXFileReference section */
		3DBC273937A6A253473B3841 /* Pods-TodoList.debug.xcconfig */ = {isa = PBXFileReference; includeInIndex = 1; lastKnownFileType = text.xcconfig; name = "Pods-TodoList.debug.xcconfig"; path = "Target Support Files/Pods-TodoList/Pods-TodoList.debug.xcconfig"; sourceTree = "<group>"; };
		D50696A4B45E799E173D46F5 /* Pods-TodoList.release.xcconfig */ = {isa = PBXFileReference; includeInIndex = 1; lastKnownFileType = text.xcconfig; name = "Pods-TodoList.release.xcconfig"; path = "Target Support Files/Pods-TodoList/Pods-TodoList.release.xcconfig"; sourceTree = "<group>"; };
		ED76BEB526DC9B71007DD57B /* Item.swift */ = {isa = PBXFileReference; lastKnownFileType = sourcecode.swift; path = Item.swift; sourceTree = "<group>"; };
		ED76BEB726DC9B7C007DD57B /* Category.swift */ = {isa = PBXFileReference; lastKnownFileType = sourcecode.swift; path = Category.swift; sourceTree = "<group>"; };
		ED95135426DD11A9003056F4 /* SwipeTableViewController.swift */ = {isa = PBXFileReference; lastKnownFileType = sourcecode.swift; path = SwipeTableViewController.swift; sourceTree = "<group>"; };
		EDA283D626DC8C0500E5A1BB /* TodoList.app */ = {isa = PBXFileReference; explicitFileType = wrapper.application; includeInIndex = 0; path = TodoList.app; sourceTree = BUILT_PRODUCTS_DIR; };
		EDA283D926DC8C0500E5A1BB /* AppDelegate.swift */ = {isa = PBXFileReference; lastKnownFileType = sourcecode.swift; path = AppDelegate.swift; sourceTree = "<group>"; };
		EDA283DB26DC8C0600E5A1BB /* SceneDelegate.swift */ = {isa = PBXFileReference; lastKnownFileType = sourcecode.swift; path = SceneDelegate.swift; sourceTree = "<group>"; };
		EDA283E026DC8C0600E5A1BB /* Base */ = {isa = PBXFileReference; lastKnownFileType = file.storyboard; name = Base; path = Base.lproj/Main.storyboard; sourceTree = "<group>"; };
		EDA283E226DC8C0C00E5A1BB /* Assets.xcassets */ = {isa = PBXFileReference; lastKnownFileType = folder.assetcatalog; path = Assets.xcassets; sourceTree = "<group>"; };
		EDA283E526DC8C0C00E5A1BB /* Base */ = {isa = PBXFileReference; lastKnownFileType = file.storyboard; name = Base; path = Base.lproj/LaunchScreen.storyboard; sourceTree = "<group>"; };
		EDA283E726DC8C0C00E5A1BB /* Info.plist */ = {isa = PBXFileReference; lastKnownFileType = text.plist.xml; path = Info.plist; sourceTree = "<group>"; };
		EDA283F026DC8C7800E5A1BB /* CategoryViewController.swift */ = {isa = PBXFileReference; lastKnownFileType = sourcecode.swift; path = CategoryViewController.swift; sourceTree = "<group>"; };
		EDA283F226DC8CA300E5A1BB /* TodoListViewController.swift */ = {isa = PBXFileReference; lastKnownFileType = sourcecode.swift; path = TodoListViewController.swift; sourceTree = "<group>"; };
		F01DA19D819048CC8B48ECFA /* Pods_TodoList.framework */ = {isa = PBXFileReference; explicitFileType = wrapper.framework; includeInIndex = 0; path = Pods_TodoList.framework; sourceTree = BUILT_PRODUCTS_DIR; };
/* End PBXFileReference section */

/* Begin PBXFrameworksBuildPhase section */
		EDA283D326DC8C0500E5A1BB /* Frameworks */ = {
			isa = PBXFrameworksBuildPhase;
			buildActionMask = 2147483647;
			files = (
				ACC2BC9CD73A19FA92F8D52D /* Pods_TodoList.framework in Frameworks */,
			);
			runOnlyForDeploymentPostprocessing = 0;
		};
/* End PBXFrameworksBuildPhase section */

/* Begin PBXGroup section */
		30EDB3F1D9D9E7AB115BF6E1 /* Pods */ = {
			isa = PBXGroup;
			children = (
				3DBC273937A6A253473B3841 /* Pods-TodoList.debug.xcconfig */,
				D50696A4B45E799E173D46F5 /* Pods-TodoList.release.xcconfig */,
			);
			path = Pods;
			sourceTree = "<group>";
		};
		C171E53125A3DE5320A7D376 /* Frameworks */ = {
			isa = PBXGroup;
			children = (
				F01DA19D819048CC8B48ECFA /* Pods_TodoList.framework */,
			);
			name = Frameworks;
			sourceTree = "<group>";
		};
		EDA283CD26DC8C0500E5A1BB = {
			isa = PBXGroup;
			children = (
				EDA283D826DC8C0500E5A1BB /* TodoList */,
				EDA283D726DC8C0500E5A1BB /* Products */,
				30EDB3F1D9D9E7AB115BF6E1 /* Pods */,
				C171E53125A3DE5320A7D376 /* Frameworks */,
			);
			sourceTree = "<group>";
		};
		EDA283D726DC8C0500E5A1BB /* Products */ = {
			isa = PBXGroup;
			children = (
				EDA283D626DC8C0500E5A1BB /* TodoList.app */,
			);
			name = Products;
			sourceTree = "<group>";
		};
		EDA283D826DC8C0500E5A1BB /* TodoList */ = {
			isa = PBXGroup;
			children = (
				EDA283D926DC8C0500E5A1BB /* AppDelegate.swift */,
				EDA283DB26DC8C0600E5A1BB /* SceneDelegate.swift */,
				EDA283EF26DC8C2E00E5A1BB /* Models */,
				EDA283ED26DC8C1700E5A1BB /* Views */,
				EDA283EE26DC8C2000E5A1BB /* Controllers */,
				EDA283E226DC8C0C00E5A1BB /* Assets.xcassets */,
				EDA283E426DC8C0C00E5A1BB /* LaunchScreen.storyboard */,
				EDA283E726DC8C0C00E5A1BB /* Info.plist */,
			);
			path = TodoList;
			sourceTree = "<group>";
		};
		EDA283ED26DC8C1700E5A1BB /* Views */ = {
			isa = PBXGroup;
			children = (
				EDA283DF26DC8C0600E5A1BB /* Main.storyboard */,
			);
			path = Views;
			sourceTree = "<group>";
		};
		EDA283EE26DC8C2000E5A1BB /* Controllers */ = {
			isa = PBXGroup;
			children = (
				EDA283F026DC8C7800E5A1BB /* CategoryViewController.swift */,
				EDA283F226DC8CA300E5A1BB /* TodoListViewController.swift */,
				ED95135426DD11A9003056F4 /* SwipeTableViewController.swift */,
			);
			path = Controllers;
			sourceTree = "<group>";
		};
		EDA283EF26DC8C2E00E5A1BB /* Models */ = {
			isa = PBXGroup;
			children = (
				ED76BEB726DC9B7C007DD57B /* Category.swift */,
				ED76BEB526DC9B71007DD57B /* Item.swift */,
			);
			path = Models;
			sourceTree = "<group>";
		};
/* End PBXGroup section */

/* Begin PBXNativeTarget section */
		EDA283D526DC8C0500E5A1BB /* TodoList */ = {
			isa = PBXNativeTarget;
			buildConfigurationList = EDA283EA26DC8C0C00E5A1BB /* Build configuration list for PBXNativeTarget "TodoList" */;
			buildPhases = (
				A9132382BC1446D05BCCC25A /* [CP] Check Pods Manifest.lock */,
				EDA283D226DC8C0500E5A1BB /* Sources */,
				EDA283D326DC8C0500E5A1BB /* Frameworks */,
				EDA283D426DC8C0500E5A1BB /* Resources */,
				41CF375C246824CFE53B1C70 /* [CP] Embed Pods Frameworks */,
			);
			buildRules = (
			);
			dependencies = (
			);
			name = TodoList;
			productName = TodoList;
			productReference = EDA283D626DC8C0500E5A1BB /* TodoList.app */;
			productType = "com.apple.product-type.application";
		};
/* End PBXNativeTarget section */

/* Begin PBXProject section */
		EDA283CE26DC8C0500E5A1BB /* Project object */ = {
			isa = PBXProject;
			attributes = {
				LastSwiftUpdateCheck = 1250;
				LastUpgradeCheck = 1250;
				TargetAttributes = {
					EDA283D526DC8C0500E5A1BB = {
						CreatedOnToolsVersion = 12.5;
					};
				};
			};
			buildConfigurationList = EDA283D126DC8C0500E5A1BB /* Build configuration list for PBXProject "TodoList" */;
			compatibilityVersion = "Xcode 9.3";
			developmentRegion = en;
			hasScannedForEncodings = 0;
			knownRegions = (
				en,
				Base,
			);
			mainGroup = EDA283CD26DC8C0500E5A1BB;
			productRefGroup = EDA283D726DC8C0500E5A1BB /* Products */;
			projectDirPath = "";
			projectRoot = "";
			targets = (
				EDA283D526DC8C0500E5A1BB /* TodoList */,
			);
		};
/* End PBXProject section */

/* Begin PBXResourcesBuildPhase section */
		EDA283D426DC8C0500E5A1BB /* Resources */ = {
			isa = PBXResourcesBuildPhase;
			buildActionMask = 2147483647;
			files = (
				EDA283E626DC8C0C00E5A1BB /* LaunchScreen.storyboard in Resources */,
				EDA283E326DC8C0C00E5A1BB /* Assets.xcassets in Resources */,
				EDA283E126DC8C0600E5A1BB /* Main.storyboard in Resources */,
			);
			runOnlyForDeploymentPostprocessing = 0;
		};
/* End PBXResourcesBuildPhase section */

/* Begin PBXShellScriptBuildPhase section */
		41CF375C246824CFE53B1C70 /* [CP] Embed Pods Frameworks */ = {
			isa = PBXShellScriptBuildPhase;
			buildActionMask = 2147483647;
			files = (
			);
			inputFileListPaths = (
				"${PODS_ROOT}/Target Support Files/Pods-TodoList/Pods-TodoList-frameworks-${CONFIGURATION}-input-files.xcfilelist",
			);
			name = "[CP] Embed Pods Frameworks";
			outputFileListPaths = (
				"${PODS_ROOT}/Target Support Files/Pods-TodoList/Pods-TodoList-frameworks-${CONFIGURATION}-output-files.xcfilelist",
			);
			runOnlyForDeploymentPostprocessing = 0;
			shellPath = /bin/sh;
			shellScript = "\"${PODS_ROOT}/Target Support Files/Pods-TodoList/Pods-TodoList-frameworks.sh\"\n";
			showEnvVarsInLog = 0;
		};
		A9132382BC1446D05BCCC25A /* [CP] Check Pods Manifest.lock */ = {
			isa = PBXShellScriptBuildPhase;
			buildActionMask = 2147483647;
			files = (
			);
			inputFileListPaths = (
			);
			inputPaths = (
				"${PODS_PODFILE_DIR_PATH}/Podfile.lock",
				"${PODS_ROOT}/Manifest.lock",
			);
			name = "[CP] Check Pods Manifest.lock";
			outputFileListPaths = (
			);
			outputPaths = (
				"$(DERIVED_FILE_DIR)/Pods-TodoList-checkManifestLockResult.txt",
			);
			runOnlyForDeploymentPostprocessing = 0;
			shellPath = /bin/sh;
			shellScript = "diff \"${PODS_PODFILE_DIR_PATH}/Podfile.lock\" \"${PODS_ROOT}/Manifest.lock\" > /dev/null\nif [ $? != 0 ] ; then\n    # print error to STDERR\n    echo \"error: The sandbox is not in sync with the Podfile.lock. Run 'pod install' or update your CocoaPods installation.\" >&2\n    exit 1\nfi\n# This output is used by Xcode 'outputs' to avoid re-running this script phase.\necho \"SUCCESS\" > \"${SCRIPT_OUTPUT_FILE_0}\"\n";
			showEnvVarsInLog = 0;
		};
/* End PBXShellScriptBuildPhase section */

/* Begin PBXSourcesBuildPhase section */
		EDA283D226DC8C0500E5A1BB /* Sources */ = {
			isa = PBXSourcesBuildPhase;
			buildActionMask = 2147483647;
			files = (
				ED76BEB626DC9B71007DD57B /* Item.swift in Sources */,
				EDA283F326DC8CA300E5A1BB /* TodoListViewController.swift in Sources */,
				EDA283DA26DC8C0600E5A1BB /* AppDelegate.swift in Sources */,
				ED95135526DD11A9003056F4 /* SwipeTableViewController.swift in Sources */,
				EDA283F126DC8C7800E5A1BB /* CategoryViewController.swift in Sources */,
				EDA283DC26DC8C0600E5A1BB /* SceneDelegate.swift in Sources */,
				ED76BEB826DC9B7C007DD57B /* Category.swift in Sources */,
			);
			runOnlyForDeploymentPostprocessing = 0;
		};
/* End PBXSourcesBuildPhase section */

/* Begin PBXVariantGroup section */
		EDA283DF26DC8C0600E5A1BB /* Main.storyboard */ = {
			isa = PBXVariantGroup;
			children = (
				EDA283E026DC8C0600E5A1BB /* Base */,
			);
			name = Main.storyboard;
			sourceTree = "<group>";
		};
		EDA283E426DC8C0C00E5A1BB /* LaunchScreen.storyboard */ = {
			isa = PBXVariantGroup;
			children = (
				EDA283E526DC8C0C00E5A1BB /* Base */,
			);
			name = LaunchScreen.storyboard;
			sourceTree = "<group>";
		};
/* End PBXVariantGroup section */

/* Begin XCBuildConfiguration section */
		EDA283E826DC8C0C00E5A1BB /* Debug */ = {
			isa = XCBuildConfiguration;
			buildSettings = {
				ALWAYS_SEARCH_USER_PATHS = NO;
				CLANG_ANALYZER_NONNULL = YES;
				CLANG_ANALYZER_NUMBER_OBJECT_CONVERSION = YES_AGGRESSIVE;
				CLANG_CXX_LANGUAGE_STANDARD = "gnu++14";
				CLANG_CXX_LIBRARY = "libc++";
				CLANG_ENABLE_MODULES = YES;
				CLANG_ENABLE_OBJC_ARC = YES;
				CLANG_ENABLE_OBJC_WEAK = YES;
				CLANG_WARN_BLOCK_CAPTURE_AUTORELEASING = YES;
				CLANG_WARN_BOOL_CONVERSION = YES;
				CLANG_WARN_COMMA = YES;
				CLANG_WARN_CONSTANT_CONVERSION = YES;
				CLANG_WARN_DEPRECATED_OBJC_IMPLEMENTATIONS = YES;
				CLANG_WARN_DIRECT_OBJC_ISA_USAGE = YES_ERROR;
				CLANG_WARN_DOCUMENTATION_COMMENTS = YES;
				CLANG_WARN_EMPTY_BODY = YES;
				CLANG_WARN_ENUM_CONVERSION = YES;
				CLANG_WARN_INFINITE_RECURSION = YES;
				CLANG_WARN_INT_CONVERSION = YES;
				CLANG_WARN_NON_LITERAL_NULL_CONVERSION = YES;
				CLANG_WARN_OBJC_IMPLICIT_RETAIN_SELF = YES;
				CLANG_WARN_OBJC_LITERAL_CONVERSION = YES;
				CLANG_WARN_OBJC_ROOT_CLASS = YES_ERROR;
				CLANG_WARN_QUOTED_INCLUDE_IN_FRAMEWORK_HEADER = YES;
				CLANG_WARN_RANGE_LOOP_ANALYSIS = YES;
				CLANG_WARN_STRICT_PROTOTYPES = YES;
				CLANG_WARN_SUSPICIOUS_MOVE = YES;
				CLANG_WARN_UNGUARDED_AVAILABILITY = YES_AGGRESSIVE;
				CLANG_WARN_UNREACHABLE_CODE = YES;
				CLANG_WARN__DUPLICATE_METHOD_MATCH = YES;
				COPY_PHASE_STRIP = NO;
				DEBUG_INFORMATION_FORMAT = dwarf;
				ENABLE_STRICT_OBJC_MSGSEND = YES;
				ENABLE_TESTABILITY = YES;
				GCC_C_LANGUAGE_STANDARD = gnu11;
				GCC_DYNAMIC_NO_PIC = NO;
				GCC_NO_COMMON_BLOCKS = YES;
				GCC_OPTIMIZATION_LEVEL = 0;
				GCC_PREPROCESSOR_DEFINITIONS = (
					"DEBUG=1",
					"$(inherited)",
				);
				GCC_WARN_64_TO_32_BIT_CONVERSION = YES;
				GCC_WARN_ABOUT_RETURN_TYPE = YES_ERROR;
				GCC_WARN_UNDECLARED_SELECTOR = YES;
				GCC_WARN_UNINITIALIZED_AUTOS = YES_AGGRESSIVE;
				GCC_WARN_UNUSED_FUNCTION = YES;
				GCC_WARN_UNUSED_VARIABLE = YES;
				IPHONEOS_DEPLOYMENT_TARGET = 14.5;
				MTL_ENABLE_DEBUG_INFO = INCLUDE_SOURCE;
				MTL_FAST_MATH = YES;
				ONLY_ACTIVE_ARCH = YES;
				SDKROOT = iphoneos;
				SWIFT_ACTIVE_COMPILATION_CONDITIONS = DEBUG;
				SWIFT_OPTIMIZATION_LEVEL = "-Onone";
			};
			name = Debug;
		};
		EDA283E926DC8C0C00E5A1BB /* Release */ = {
			isa = XCBuildConfiguration;
			buildSettings = {
				ALWAYS_SEARCH_USER_PATHS = NO;
				CLANG_ANALYZER_NONNULL = YES;
				CLANG_ANALYZER_NUMBER_OBJECT_CONVERSION = YES_AGGRESSIVE;
				CLANG_CXX_LANGUAGE_STANDARD = "gnu++14";
				CLANG_CXX_LIBRARY = "libc++";
				CLANG_ENABLE_MODULES = YES;
				CLANG_ENABLE_OBJC_ARC = YES;
				CLANG_ENABLE_OBJC_WEAK = YES;
				CLANG_WARN_BLOCK_CAPTURE_AUTORELEASING = YES;
				CLANG_WARN_BOOL_CONVERSION = YES;
				CLANG_WARN_COMMA = YES;
				CLANG_WARN_CONSTANT_CONVERSION = YES;
				CLANG_WARN_DEPRECATED_OBJC_IMPLEMENTATIONS = YES;
				CLANG_WARN_DIRECT_OBJC_ISA_USAGE = YES_ERROR;
				CLANG_WARN_DOCUMENTATION_COMMENTS = YES;
				CLANG_WARN_EMPTY_BODY = YES;
				CLANG_WARN_ENUM_CONVERSION = YES;
				CLANG_WARN_INFINITE_RECURSION = YES;
				CLANG_WARN_INT_CONVERSION = YES;
				CLANG_WARN_NON_LITERAL_NULL_CONVERSION = YES;
				CLANG_WARN_OBJC_IMPLICIT_RETAIN_SELF = YES;
				CLANG_WARN_OBJC_LITERAL_CONVERSION = YES;
				CLANG_WARN_OBJC_ROOT_CLASS = YES_ERROR;
				CLANG_WARN_QUOTED_INCLUDE_IN_FRAMEWORK_HEADER = YES;
				CLANG_WARN_RANGE_LOOP_ANALYSIS = YES;
				CLANG_WARN_STRICT_PROTOTYPES = YES;
				CLANG_WARN_SUSPICIOUS_MOVE = YES;
				CLANG_WARN_UNGUARDED_AVAILABILITY = YES_AGGRESSIVE;
				CLANG_WARN_UNREACHABLE_CODE = YES;
				CLANG_WARN__DUPLICATE_METHOD_MATCH = YES;
				COPY_PHASE_STRIP = NO;
				DEBUG_INFORMATION_FORMAT = "dwarf-with-dsym";
				ENABLE_NS_ASSERTIONS = NO;
				ENABLE_STRICT_OBJC_MSGSEND = YES;
				GCC_C_LANGUAGE_STANDARD = gnu11;
				GCC_NO_COMMON_BLOCKS = YES;
				GCC_WARN_64_TO_32_BIT_CONVERSION = YES;
				GCC_WARN_ABOUT_RETURN_TYPE = YES_ERROR;
				GCC_WARN_UNDECLARED_SELECTOR = YES;
				GCC_WARN_UNINITIALIZED_AUTOS = YES_AGGRESSIVE;
				GCC_WARN_UNUSED_FUNCTION = YES;
				GCC_WARN_UNUSED_VARIABLE = YES;
				IPHONEOS_DEPLOYMENT_TARGET = 14.5;
				MTL_ENABLE_DEBUG_INFO = NO;
				MTL_FAST_MATH = YES;
				SDKROOT = iphoneos;
				SWIFT_COMPILATION_MODE = wholemodule;
				SWIFT_OPTIMIZATION_LEVEL = "-O";
				VALIDATE_PRODUCT = YES;
			};
			name = Release;
		};
		EDA283EB26DC8C0C00E5A1BB /* Debug */ = {
			isa = XCBuildConfiguration;
			baseConfigurationReference = 3DBC273937A6A253473B3841 /* Pods-TodoList.debug.xcconfig */;
			buildSettings = {
				ASSETCATALOG_COMPILER_APPICON_NAME = AppIcon;
				ASSETCATALOG_COMPILER_GLOBAL_ACCENT_COLOR_NAME = AccentColor;
				CODE_SIGN_STYLE = Automatic;
				DEVELOPMENT_TEAM = 8S9747MDPY;
				INFOPLIST_FILE = TodoList/Info.plist;
				LD_RUNPATH_SEARCH_PATHS = (
					"$(inherited)",
					"@executable_path/Frameworks",
				);
				PRODUCT_BUNDLE_IDENTIFIER = "Skorobogaty-Dmitry.TodoList";
				PRODUCT_NAME = "$(TARGET_NAME)";
				SWIFT_VERSION = 5.0;
				TARGETED_DEVICE_FAMILY = "1,2";
			};
			name = Debug;
		};
		EDA283EC26DC8C0C00E5A1BB /* Release */ = {
			isa = XCBuildConfiguration;
			baseConfigurationReference = D50696A4B45E799E173D46F5 /* Pods-TodoList.release.xcconfig */;
			buildSettings = {
				ASSETCATALOG_COMPILER_APPICON_NAME = AppIcon;
				ASSETCATALOG_COMPILER_GLOBAL_ACCENT_COLOR_NAME = AccentColor;
				CODE_SIGN_STYLE = Automatic;
				DEVELOPMENT_TEAM = 8S9747MDPY;
				INFOPLIST_FILE = TodoList/Info.plist;
				LD_RUNPATH_SEARCH_PATHS = (
					"$(inherited)",
					"@executable_path/Frameworks",
				);
				PRODUCT_BUNDLE_IDENTIFIER = "Skorobogaty-Dmitry.TodoList";
				PRODUCT_NAME = "$(TARGET_NAME)";
				SWIFT_VERSION = 5.0;
				TARGETED_DEVICE_FAMILY = "1,2";
			};
			name = Release;
		};
/* End XCBuildConfiguration section */

/* Begin XCConfigurationList section */
		EDA283D126DC8C0500E5A1BB /* Build configuration list for PBXProject "TodoList" */ = {
			isa = XCConfigurationList;
			buildConfigurations = (
				EDA283E826DC8C0C00E5A1BB /* Debug */,
				EDA283E926DC8C0C00E5A1BB /* Release */,
			);
			defaultConfigurationIsVisible = 0;
			defaultConfigurationName = Release;
		};
		EDA283EA26DC8C0C00E5A1BB /* Build configuration list for PBXNativeTarget "TodoList" */ = {
			isa = XCConfigurationList;
			buildConfigurations = (
				EDA283EB26DC8C0C00E5A1BB /* Debug */,
				EDA283EC26DC8C0C00E5A1BB /* Release */,
			);
			defaultConfigurationIsVisible = 0;
			defaultConfigurationName = Release;
		};
/* End XCConfigurationList section */
	};
	rootObject = EDA283CE26DC8C0500E5A1BB /* Project object */;
}
